
Microsoft Visual Studio Solution File, Format Version 12.00
# Visual Studio Version 17
VisualStudioVersion = 17.0.31903.59
MinimumVisualStudioVersion = 10.0.40219.1
Project("{2150E333-8FDC-42A3-9474-1A3956D46DE8}") = "src", "src", "{F973307E-DB7D-419D-AB45-7F47946A63D4}"
EndProject
Project("{FAE04EC0-301F-11D3-BF4B-00C04F79EFBC}") = "PastQuestionPractice", "src\PastQuestionPractice\PastQuestionPractice.csproj", "{6056EF7F-C723-425A-914D-2B1929423921}"
EndProject
Global
	GlobalSection(SolutionConfigurationPlatforms) = preSolution
		Debug|Any CPU = Debug|Any CPU
		Release|Any CPU = Release|Any CPU
	EndGlobalSection
	GlobalSection(SolutionProperties) = preSolution
		HideSolutionNode = FALSE
	EndGlobalSection
	GlobalSection(ProjectConfigurationPlatforms) = postSolution
		{6056EF7F-C723-425A-914D-2B1929423921}.Debug|Any CPU.ActiveCfg = Debug|Any CPU
		{6056EF7F-C723-425A-914D-2B1929423921}.Debug|Any CPU.Build.0 = Debug|Any CPU
		{6056EF7F-C723-425A-914D-2B1929423921}.Release|Any CPU.ActiveCfg = Release|Any CPU
		{6056EF7F-C723-425A-914D-2B1929423921}.Release|Any CPU.Build.0 = Release|Any CPU
	EndGlobalSection
	GlobalSection(NestedProjects) = preSolution
		{6056EF7F-C723-425A-914D-2B1929423921} = {F973307E-DB7D-419D-AB45-7F47946A63D4}
	EndGlobalSection
EndGlobal
